
Microsoft Visual Studio Solution File, Format Version 12.00
# Visual Studio Version 16
VisualStudioVersion = 16.0.809.2
MinimumVisualStudioVersion = 10.0.40219.1
Project("{FAE04EC0-301F-11D3-BF4B-00C04F79EFBC}") = "RemixedRecipes", "RemixedRecipes.csproj", "{D0E3C215-7F19-46B3-A474-F9E8DD2A4EDE}"
EndProject
Global
	GlobalSection(SolutionConfigurationPlatforms) = preSolution
		Debug|Any CPU = Debug|Any CPU
		Release|Any CPU = Release|Any CPU
	EndGlobalSection
	GlobalSection(ProjectConfigurationPlatforms) = postSolution
		{D0E3C215-7F19-46B3-A474-F9E8DD2A4EDE}.Debug|Any CPU.ActiveCfg = Debug|Any CPU
		{D0E3C215-7F19-46B3-A474-F9E8DD2A4EDE}.Debug|Any CPU.Build.0 = Debug|Any CPU
		{D0E3C215-7F19-46B3-A474-F9E8DD2A4EDE}.Release|Any CPU.ActiveCfg = Release|Any CPU
		{D0E3C215-7F19-46B3-A474-F9E8DD2A4EDE}.Release|Any CPU.Build.0 = Release|Any CPU
	EndGlobalSection
	GlobalSection(SolutionProperties) = preSolution
		HideSolutionNode = FALSE
	EndGlobalSection
	GlobalSection(ExtensibilityGlobals) = postSolution
		SolutionGuid = {C5609403-536B-4E31-861B-84D695E5AC16}
	EndGlobalSection
EndGlobal
